
Microsoft Visual Studio Solution File, Format Version 12.00
# Visual Studio Version 17
VisualStudioVersion = 17.5.002.0
MinimumVisualStudioVersion = 10.0.40219.1
Project("{2150E333-8FDC-42A3-9474-1A3956D46DE8}") = "sandbox", "sandbox", "{74B59027-E37E-43A2-9062-3129553EFEC5}"
EndProject
Project("{9A19103F-16F7-4668-BE54-9A1E7A4F7556}") = "sandbox_project", "sandbox\sandbox_project\sandbox_project.csproj", "{48CAC9E1-88AE-4BFD-8AF8-D18CC7737E27}"
EndProject
Project("{2150E333-8FDC-42A3-9474-1A3956D46DE8}") = "week01", "week01", "{649CE57D-1B5E-4CB9-BFF7-5144099C1410}"
EndProject
Project("{9A19103F-16F7-4668-BE54-9A1E7A4F7556}") = "analyze", "week01\analyze\analyze.csproj", "{9363BF1C-1D95-46EC-93D4-68B6E3BA6E44}"
EndProject
Project("{9A19103F-16F7-4668-BE54-9A1E7A4F7556}") = "code", "week01\code\code.csproj", "{98C40BD0-D7AF-4079-8E8F-CD3EF4F42484}"
EndProject
Project("{9A19103F-16F7-4668-BE54-9A1E7A4F7556}") = "teach", "week01\teach\teach.csproj", "{18D6FF47-6404-487F-94B4-463C999D900A}"
EndProject
Project("{2150E333-8FDC-42A3-9474-1A3956D46DE8}") = "week02", "week02", "{1EA9953F-D51F-4189-B747-1EB5FC45DD85}"
EndProject
Project("{9A19103F-16F7-4668-BE54-9A1E7A4F7556}") = "analyze", "week02\analyze\analyze.csproj", "{D6BB7529-118D-406D-812C-B007BC1B9F46}"
EndProject
Project("{9A19103F-16F7-4668-BE54-9A1E7A4F7556}") = "code", "week02\code\code.csproj", "{056C335B-3E9E-4774-B7F7-032726365C41}"
EndProject
Project("{9A19103F-16F7-4668-BE54-9A1E7A4F7556}") = "learn", "week02\learn\learn.csproj", "{51A470F4-50BA-4678-9261-82AB1176029B}"
EndProject
Project("{9A19103F-16F7-4668-BE54-9A1E7A4F7556}") = "teach", "week02\teach\teach.csproj", "{CA01AA2C-A178-469F-8B61-1F4624BD1C3D}"
EndProject
Project("{2150E333-8FDC-42A3-9474-1A3956D46DE8}") = "week03", "week03", "{9059F528-4FFD-454D-B85E-B308D632B25F}"
EndProject
Project("{9A19103F-16F7-4668-BE54-9A1E7A4F7556}") = "code", "week03\code\code.csproj", "{D50D5B15-B17B-428A-B2FE-8EF3C76DEBBE}"
EndProject
Project("{9A19103F-16F7-4668-BE54-9A1E7A4F7556}") = "learn", "week03\learn\learn.csproj", "{6BCFE493-4C13-4BA5-9C61-AF4A8E9D61BB}"
EndProject
Project("{9A19103F-16F7-4668-BE54-9A1E7A4F7556}") = "teach", "week03\teach\teach.csproj", "{A50E0FDD-44B2-4219-92C0-3B2FE641C089}"
EndProject
Project("{2150E333-8FDC-42A3-9474-1A3956D46DE8}") = "week04", "week04", "{7A2124B3-207D-49D4-A253-872440552149}"
EndProject
Project("{9A19103F-16F7-4668-BE54-9A1E7A4F7556}") = "code", "week04\code\code.csproj", "{D1C06780-D9AE-467B-94B3-E60B0EC5ADBE}"
EndProject
Project("{2150E333-8FDC-42A3-9474-1A3956D46DE8}") = "week05", "week05", "{BBA30279-3E0D-41B8-80F7-D6D52BF8D0F5}"
EndProject
Project("{9A19103F-16F7-4668-BE54-9A1E7A4F7556}") = "code", "week05\code\code.csproj", "{7976A650-6F45-4648-8680-A653FF571599}"
EndProject
Project("{2150E333-8FDC-42A3-9474-1A3956D46DE8}") = "week06", "week06", "{65825151-EB02-4F61-BB2C-ED1042957F03}"
EndProject
Project("{9A19103F-16F7-4668-BE54-9A1E7A4F7556}") = "code", "week06\code\code.csproj", "{71DF784B-5451-4BCF-BA0E-DC4F82E35889}"
EndProject
Global
	GlobalSection(SolutionConfigurationPlatforms) = preSolution
		Debug|Any CPU = Debug|Any CPU
		Release|Any CPU = Release|Any CPU
	EndGlobalSection
	GlobalSection(ProjectConfigurationPlatforms) = postSolution
		{48CAC9E1-88AE-4BFD-8AF8-D18CC7737E27}.Debug|Any CPU.ActiveCfg = Debug|Any CPU
		{48CAC9E1-88AE-4BFD-8AF8-D18CC7737E27}.Debug|Any CPU.Build.0 = Debug|Any CPU
		{48CAC9E1-88AE-4BFD-8AF8-D18CC7737E27}.Release|Any CPU.ActiveCfg = Release|Any CPU
		{48CAC9E1-88AE-4BFD-8AF8-D18CC7737E27}.Release|Any CPU.Build.0 = Release|Any CPU
		{9363BF1C-1D95-46EC-93D4-68B6E3BA6E44}.Debug|Any CPU.ActiveCfg = Debug|Any CPU
		{9363BF1C-1D95-46EC-93D4-68B6E3BA6E44}.Debug|Any CPU.Build.0 = Debug|Any CPU
		{9363BF1C-1D95-46EC-93D4-68B6E3BA6E44}.Release|Any CPU.ActiveCfg = Release|Any CPU
		{9363BF1C-1D95-46EC-93D4-68B6E3BA6E44}.Release|Any CPU.Build.0 = Release|Any CPU
		{98C40BD0-D7AF-4079-8E8F-CD3EF4F42484}.Debug|Any CPU.ActiveCfg = Debug|Any CPU
		{98C40BD0-D7AF-4079-8E8F-CD3EF4F42484}.Debug|Any CPU.Build.0 = Debug|Any CPU
		{98C40BD0-D7AF-4079-8E8F-CD3EF4F42484}.Release|Any CPU.ActiveCfg = Release|Any CPU
		{98C40BD0-D7AF-4079-8E8F-CD3EF4F42484}.Release|Any CPU.Build.0 = Release|Any CPU
		{18D6FF47-6404-487F-94B4-463C999D900A}.Debug|Any CPU.ActiveCfg = Debug|Any CPU
		{18D6FF47-6404-487F-94B4-463C999D900A}.Debug|Any CPU.Build.0 = Debug|Any CPU
		{18D6FF47-6404-487F-94B4-463C999D900A}.Release|Any CPU.ActiveCfg = Release|Any CPU
		{18D6FF47-6404-487F-94B4-463C999D900A}.Release|Any CPU.Build.0 = Release|Any CPU
		{D6BB7529-118D-406D-812C-B007BC1B9F46}.Debug|Any CPU.ActiveCfg = Debug|Any CPU
		{D6BB7529-118D-406D-812C-B007BC1B9F46}.Debug|Any CPU.Build.0 = Debug|Any CPU
		{D6BB7529-118D-406D-812C-B007BC1B9F46}.Release|Any CPU.ActiveCfg = Release|Any CPU
		{D6BB7529-118D-406D-812C-B007BC1B9F46}.Release|Any CPU.Build.0 = Release|Any CPU
		{056C335B-3E9E-4774-B7F7-032726365C41}.Debug|Any CPU.ActiveCfg = Debug|Any CPU
		{056C335B-3E9E-4774-B7F7-032726365C41}.Debug|Any CPU.Build.0 = Debug|Any CPU
		{056C335B-3E9E-4774-B7F7-032726365C41}.Release|Any CPU.ActiveCfg = Release|Any CPU
		{056C335B-3E9E-4774-B7F7-032726365C41}.Release|Any CPU.Build.0 = Release|Any CPU
		{51A470F4-50BA-4678-9261-82AB1176029B}.Debug|Any CPU.ActiveCfg = Debug|Any CPU
		{51A470F4-50BA-4678-9261-82AB1176029B}.Debug|Any CPU.Build.0 = Debug|Any CPU
		{51A470F4-50BA-4678-9261-82AB1176029B}.Release|Any CPU.ActiveCfg = Release|Any CPU
		{51A470F4-50BA-4678-9261-82AB1176029B}.Release|Any CPU.Build.0 = Release|Any CPU
		{CA01AA2C-A178-469F-8B61-1F4624BD1C3D}.Debug|Any CPU.ActiveCfg = Debug|Any CPU
		{CA01AA2C-A178-469F-8B61-1F4624BD1C3D}.Debug|Any CPU.Build.0 = Debug|Any CPU
		{CA01AA2C-A178-469F-8B61-1F4624BD1C3D}.Release|Any CPU.ActiveCfg = Release|Any CPU
		{CA01AA2C-A178-469F-8B61-1F4624BD1C3D}.Release|Any CPU.Build.0 = Release|Any CPU
		{D50D5B15-B17B-428A-B2FE-8EF3C76DEBBE}.Debug|Any CPU.ActiveCfg = Debug|Any CPU
		{D50D5B15-B17B-428A-B2FE-8EF3C76DEBBE}.Debug|Any CPU.Build.0 = Debug|Any CPU
		{D50D5B15-B17B-428A-B2FE-8EF3C76DEBBE}.Release|Any CPU.ActiveCfg = Release|Any CPU
		{D50D5B15-B17B-428A-B2FE-8EF3C76DEBBE}.Release|Any CPU.Build.0 = Release|Any CPU
		{6BCFE493-4C13-4BA5-9C61-AF4A8E9D61BB}.Debug|Any CPU.ActiveCfg = Debug|Any CPU
		{6BCFE493-4C13-4BA5-9C61-AF4A8E9D61BB}.Debug|Any CPU.Build.0 = Debug|Any CPU
		{6BCFE493-4C13-4BA5-9C61-AF4A8E9D61BB}.Release|Any CPU.ActiveCfg = Release|Any CPU
		{6BCFE493-4C13-4BA5-9C61-AF4A8E9D61BB}.Release|Any CPU.Build.0 = Release|Any CPU
		{A50E0FDD-44B2-4219-92C0-3B2FE641C089}.Debug|Any CPU.ActiveCfg = Debug|Any CPU
		{A50E0FDD-44B2-4219-92C0-3B2FE641C089}.Debug|Any CPU.Build.0 = Debug|Any CPU
		{A50E0FDD-44B2-4219-92C0-3B2FE641C089}.Release|Any CPU.ActiveCfg = Release|Any CPU
		{A50E0FDD-44B2-4219-92C0-3B2FE641C089}.Release|Any CPU.Build.0 = Release|Any CPU
		{D1C06780-D9AE-467B-94B3-E60B0EC5ADBE}.Debug|Any CPU.ActiveCfg = Debug|Any CPU
		{D1C06780-D9AE-467B-94B3-E60B0EC5ADBE}.Debug|Any CPU.Build.0 = Debug|Any CPU
		{D1C06780-D9AE-467B-94B3-E60B0EC5ADBE}.Release|Any CPU.ActiveCfg = Release|Any CPU
		{D1C06780-D9AE-467B-94B3-E60B0EC5ADBE}.Release|Any CPU.Build.0 = Release|Any CPU
		{7976A650-6F45-4648-8680-A653FF571599}.Debug|Any CPU.ActiveCfg = Debug|Any CPU
		{7976A650-6F45-4648-8680-A653FF571599}.Debug|Any CPU.Build.0 = Debug|Any CPU
		{7976A650-6F45-4648-8680-A653FF571599}.Release|Any CPU.ActiveCfg = Release|Any CPU
		{7976A650-6F45-4648-8680-A653FF571599}.Release|Any CPU.Build.0 = Release|Any CPU
		{71DF784B-5451-4BCF-BA0E-DC4F82E35889}.Debug|Any CPU.ActiveCfg = Debug|Any CPU
		{71DF784B-5451-4BCF-BA0E-DC4F82E35889}.Debug|Any CPU.Build.0 = Debug|Any CPU
		{71DF784B-5451-4BCF-BA0E-DC4F82E35889}.Release|Any CPU.ActiveCfg = Release|Any CPU
		{71DF784B-5451-4BCF-BA0E-DC4F82E35889}.Release|Any CPU.Build.0 = Release|Any CPU
	EndGlobalSection
	GlobalSection(SolutionProperties) = preSolution
		HideSolutionNode = FALSE
	EndGlobalSection
	GlobalSection(NestedProjects) = preSolution
		{48CAC9E1-88AE-4BFD-8AF8-D18CC7737E27} = {74B59027-E37E-43A2-9062-3129553EFEC5}
		{9363BF1C-1D95-46EC-93D4-68B6E3BA6E44} = {649CE57D-1B5E-4CB9-BFF7-5144099C1410}
		{98C40BD0-D7AF-4079-8E8F-CD3EF4F42484} = {649CE57D-1B5E-4CB9-BFF7-5144099C1410}
		{18D6FF47-6404-487F-94B4-463C999D900A} = {649CE57D-1B5E-4CB9-BFF7-5144099C1410}
		{D6BB7529-118D-406D-812C-B007BC1B9F46} = {1EA9953F-D51F-4189-B747-1EB5FC45DD85}
		{056C335B-3E9E-4774-B7F7-032726365C41} = {1EA9953F-D51F-4189-B747-1EB5FC45DD85}
		{51A470F4-50BA-4678-9261-82AB1176029B} = {1EA9953F-D51F-4189-B747-1EB5FC45DD85}
		{CA01AA2C-A178-469F-8B61-1F4624BD1C3D} = {1EA9953F-D51F-4189-B747-1EB5FC45DD85}
		{D50D5B15-B17B-428A-B2FE-8EF3C76DEBBE} = {9059F528-4FFD-454D-B85E-B308D632B25F}
		{6BCFE493-4C13-4BA5-9C61-AF4A8E9D61BB} = {9059F528-4FFD-454D-B85E-B308D632B25F}
		{A50E0FDD-44B2-4219-92C0-3B2FE641C089} = {9059F528-4FFD-454D-B85E-B308D632B25F}
		{D1C06780-D9AE-467B-94B3-E60B0EC5ADBE} = {7A2124B3-207D-49D4-A253-872440552149}
		{7976A650-6F45-4648-8680-A653FF571599} = {BBA30279-3E0D-41B8-80F7-D6D52BF8D0F5}
		{71DF784B-5451-4BCF-BA0E-DC4F82E35889} = {65825151-EB02-4F61-BB2C-ED1042957F03}
	EndGlobalSection
	GlobalSection(ExtensibilityGlobals) = postSolution
		SolutionGuid = {2DFCF69F-1611-4C0F-871A-0E141410C800}
	EndGlobalSection
EndGlobal
